<?xml version="1.0" encoding="utf-8"?>
<Project ToolsVersion="4.0" xmlns="http://schemas.microsoft.com/developer/msbuild/2003">
  <ItemGroup>
    <Filter Include="Source Files">
      <UniqueIdentifier>{4FC737F1-C7A5-4376-A066-2A32D752A2FF}</UniqueIdentifier>
      <Extensions>cpp;c;cc;cxx;def;odl;idl;hpj;bat;asm;asmx</Extensions>
    </Filter>
    <Filter Include="Header Files">
      <UniqueIdentifier>{93995380-89BD-4b04-88EB-625FBE52EBFB}</UniqueIdentifier>
      <Extensions>h;hh;hpp;hxx;hm;inl;inc;xsd</Extensions>
    </Filter>
    <Filter Include="Resource Files">
      <UniqueIdentifier>{67DA6AB6-F800-4c08-8B7A-83BB121AAD01}</UniqueIdentifier>
      <Extensions>rc;ico;cur;bmp;dlg;rc2;rct;bin;rgs;gif;jpg;jpeg;jpe;resx;tiff;tif;png;wav</Extensions>
    </Filter>
    <Filter Include="Engine">
      <UniqueIdentifier>{efda1941-fb38-422b-955d-9628c9b4f957}</UniqueIdentifier>
    </Filter>
    <Filter Include="Engine\Core">
      <UniqueIdentifier>{dd8b7739-5f1f-45b0-b02a-cd62f8e7f9c8}</UniqueIdentifier>
    </Filter>
    <Filter Include="Engine\Core\Threading">
      <UniqueIdentifier>{8a9eab87-ea09-4da9-ac71-ae124fd7e88c}</UniqueIdentifier>
    </Filter>
    <Filter Include="Engine\Gfx">
      <UniqueIdentifier>{ee38ef02-d509-4e20-b693-b1dde3d43e7c}</UniqueIdentifier>
    </Filter>
    <Filter Include="Engine\Core\Framework">
      <UniqueIdentifier>{1d9a26c5-9d4e-40e6-b2d6-246cc6920083}</UniqueIdentifier>
    </Filter>
    <Filter Include="Engine\Core\Lua">
      <UniqueIdentifier>{7686c936-7c1b-4f74-b245-3c85171f3fae}</UniqueIdentifier>
    </Filter>
    <Filter Include="Engine\Core\Console">
      <UniqueIdentifier>{ccaa31a5-274b-4f3c-a7bc-c839c289d108}</UniqueIdentifier>
    </Filter>
    <Filter Include="Engine\Core\Lua\Scripts">
      <UniqueIdentifier>{2dca4246-d075-4762-ad36-020f17657a44}</UniqueIdentifier>
    </Filter>
    <Filter Include="Engine\Gfx\DirectX11">
      <UniqueIdentifier>{e11f7861-0f18-4f82-ba79-c30b46a1ec58}</UniqueIdentifier>
    </Filter>
    <Filter Include="Engine\Gfx\OpenGl">
      <UniqueIdentifier>{849b13fa-65f2-4a59-bb1a-8da1e88a89c9}</UniqueIdentifier>
    </Filter>
    <Filter Include="Engine\Gfx\OpenGl\Shader">
      <UniqueIdentifier>{dd9ee754-662a-46b4-b215-db156dfd0547}</UniqueIdentifier>
    </Filter>
    <Filter Include="Engine\Input">
      <UniqueIdentifier>{46e606e6-008d-4a09-a42b-3c8c8fbf4ca4}</UniqueIdentifier>
    </Filter>
    <Filter Include="Engine\Input\DirectInput8">
      <UniqueIdentifier>{b604dde0-c744-43cd-951a-dc2a3e17728a}</UniqueIdentifier>
    </Filter>
    <Filter Include="Engine\Core\Engine">
      <UniqueIdentifier>{8f8c92f4-a855-4e40-815c-8b2615e027a7}</UniqueIdentifier>
    </Filter>
    <Filter Include="Engine\Core\Components">
      <UniqueIdentifier>{0e661331-7295-4470-946d-3fc2c47b4407}</UniqueIdentifier>
    </Filter>
    <Filter Include="Engine\Gfx\DirectX11\Shader">
      <UniqueIdentifier>{8e36f621-2bbe-49a2-b03b-8b8ef027b9f9}</UniqueIdentifier>
    </Filter>
    <Filter Include="Engine\Core\Engine\Resources">
      <UniqueIdentifier>{810fe58b-cc09-4446-9c46-914608d2fbd3}</UniqueIdentifier>
    </Filter>
    <Filter Include="Engine\Gfx\DirectX11\HLSL">
      <UniqueIdentifier>{580a5690-5cb4-4d7d-8338-470262a89b61}</UniqueIdentifier>
    </Filter>
  </ItemGroup>
  <ItemGroup>
    <None Include="CommandPrompt.qpp" />
  </ItemGroup>
  <ItemGroup>
    <ClCompile Include="Src\main.cpp">
      <Filter>Source Files</Filter>
    </ClCompile>
    <ClCompile Include="Gfx\OpenGl\OpenGlWindow.cpp">
      <Filter>Engine\Gfx\OpenGl</Filter>
    </ClCompile>
    <ClCompile Include="Core\Lua\Lua.cpp">
      <Filter>Engine\Core\Lua</Filter>
    </ClCompile>
    <ClCompile Include="Core\Src\String.cpp">
      <Filter>Engine\Core</Filter>
    </ClCompile>
    <ClCompile Include="Core\Src\Console\Console.cpp">
      <Filter>Engine\Core\Console</Filter>
    </ClCompile>
    <ClCompile Include="Core\Src\Threading\ThreadPoolHandle.cpp">
      <Filter>Engine\Core\Threading</Filter>
    </ClCompile>
    <ClCompile Include="Core\Src\Threading\ThreadPool.cpp">
      <Filter>Engine\Core\Threading</Filter>
    </ClCompile>
    <ClCompile Include="Core\Src\Threading\Thread.cpp">
      <Filter>Engine\Core\Threading</Filter>
    </ClCompile>
    <ClCompile Include="Core\Src\WinApiWindow.cpp">
      <Filter>Engine\Core\Framework</Filter>
    </ClCompile>
    <ClCompile Include="Gfx\OpenGl\OpenGL.cpp">
      <Filter>Engine\Gfx\OpenGl</Filter>
    </ClCompile>
    <ClCompile Include="Gfx\DirectX11\DirectX11.cpp">
      <Filter>Engine\Gfx\DirectX11</Filter>
    </ClCompile>
    <ClCompile Include="Gfx\DirectX11\DirectX11Window.cpp">
      <Filter>Engine\Gfx\DirectX11</Filter>
    </ClCompile>
    <ClCompile Include="Core\Src\Cpu.cpp">
      <Filter>Engine\Core</Filter>
    </ClCompile>
    <ClCompile Include="Gfx\IGraphics.cpp">
      <Filter>Engine\Gfx</Filter>
    </ClCompile>
    <ClCompile Include="Input\DirectInput8\DirectInput8.cpp">
      <Filter>Engine\Input\DirectInput8</Filter>
    </ClCompile>
    <ClCompile Include="Core\Engine\Engine.cpp">
      <Filter>Engine\Core\Engine</Filter>
    </ClCompile>
    <ClCompile Include="Input\Input.cpp">
      <Filter>Engine\Input</Filter>
    </ClCompile>
    <ClCompile Include="Core\Src\Components\Actor.cpp">
      <Filter>Engine\Core\Components</Filter>
    </ClCompile>
    <ClCompile Include="Core\Src\Components\TransformComponent.cpp">
      <Filter>Engine\Core\Components</Filter>
    </ClCompile>
    <ClCompile Include="Core\Src\Components\CollisionComponent.cpp">
      <Filter>Engine\Core\Components</Filter>
    </ClCompile>
    <ClCompile Include="Core\Src\Components\InputComponent.cpp">
      <Filter>Engine\Core\Components</Filter>
    </ClCompile>
    <ClCompile Include="Core\Src\Exception.cpp">
      <Filter>Engine\Core</Filter>
    </ClCompile>
    <ClCompile Include="Core\Src\Window.cpp">
      <Filter>Engine\Core\Framework</Filter>
    </ClCompile>
    <ClCompile Include="Core\Engine\ResourceManager.cpp">
      <Filter>Engine\Core\Engine</Filter>
    </ClCompile>
    <ClCompile Include="Core\Engine\Resources\IResource.cpp">
      <Filter>Engine\Core\Engine\Resources</Filter>
    </ClCompile>
    <ClCompile Include="Core\Engine\Resources\ShaderResource.cpp">
      <Filter>Engine\Core\Engine\Resources</Filter>
    </ClCompile>
    <ClCompile Include="Gfx\DirectX11\Shader\Shader.cpp">
      <Filter>Engine\Gfx\DirectX11\Shader</Filter>
    </ClCompile>
    <ClCompile Include="Gfx\DirectX11\Shader\TextureShader.cpp">
      <Filter>Engine\Gfx\DirectX11\Shader</Filter>
    </ClCompile>
    <ClCompile Include="Gfx\DirectX11\WICTextureLoader.cpp">
      <Filter>Engine\Gfx\DirectX11</Filter>
    </ClCompile>
    <ClCompile Include="Gfx\DirectX11\Texture.cpp">
      <Filter>Engine\Gfx\DirectX11</Filter>
    </ClCompile>
    <ClCompile Include="Core\Engine\Resources\ResourceHandle.cpp">
      <Filter>Engine\Core\Engine\Resources</Filter>
    </ClCompile>
    <ClCompile Include="Gfx\DirectX11\VertexBuffer.cpp">
      <Filter>Engine\Gfx\DirectX11</Filter>
    </ClCompile>
    <ClCompile Include="Gfx\DirectX11\Sprite.cpp">
      <Filter>Engine\Gfx\DirectX11</Filter>
    </ClCompile>
    <ClCompile Include="Core\Src\Components\SpriteComponent.cpp">
      <Filter>Engine\Core\Components</Filter>
    </ClCompile>
    <ClCompile Include="Core\Engine\Resources\TextureResource.cpp">
      <Filter>Engine\Core\Engine\Resources</Filter>
    </ClCompile>
    <ClCompile Include="Core\Src\Components\CameraComponent.cpp">
      <Filter>Engine\Core\Components</Filter>
    </ClCompile>
  </ItemGroup>
  <ItemGroup>
    <ClInclude Include="Core\Src\corestd.h">
      <Filter>Engine\Core</Filter>
    </ClInclude>
    <ClInclude Include="Core\Src\Queue.h">
      <Filter>Engine\Core</Filter>
    </ClInclude>
    <ClInclude Include="Gfx\OpenGl\OpenGlWindow.h">
      <Filter>Engine\Gfx\OpenGl</Filter>
    </ClInclude>
    <ClInclude Include="Core\Src\Window.h">
      <Filter>Engine\Core\Framework</Filter>
    </ClInclude>
    <ClInclude Include="Core\Lua\Lua.h">
      <Filter>Engine\Core\Lua</Filter>
    </ClInclude>
    <ClInclude Include="Core\Src\String.h">
      <Filter>Engine\Core</Filter>
    </ClInclude>
    <ClInclude Include="Core\Src\Console\Console.h">
      <Filter>Engine\Core\Console</Filter>
    </ClInclude>
    <ClInclude Include="Core\Src\Threading\ThreadPool.h">
      <Filter>Engine\Core\Threading</Filter>
    </ClInclude>
    <ClInclude Include="Core\Src\Threading\Thread.h">
      <Filter>Engine\Core\Threading</Filter>
    </ClInclude>
    <ClInclude Include="Core\Src\Stack.h">
      <Filter>Engine\Core</Filter>
    </ClInclude>
    <ClInclude Include="Core\Src\IStruct.h">
      <Filter>Engine\Core</Filter>
    </ClInclude>
    <ClInclude Include="Core\Src\IElement.h">
      <Filter>Engine\Core</Filter>
    </ClInclude>
    <ClInclude Include="Core\Src\Pair.h">
      <Filter>Engine\Core</Filter>
    </ClInclude>
    <ClInclude Include="Core\Src\WinApiWindow.h">
      <Filter>Engine\Core\Framework</Filter>
    </ClInclude>
    <ClInclude Include="Core\Lua\LuaPointer.h">
      <Filter>Engine\Core\Lua</Filter>
    </ClInclude>
    <ClInclude Include="Gfx\OpenGl\OpenGL.h">
      <Filter>Engine\Gfx\OpenGl</Filter>
    </ClInclude>
    <ClInclude Include="Gfx\DirectX11\DirectX11.h">
      <Filter>Engine\Gfx\DirectX11</Filter>
    </ClInclude>
    <ClInclude Include="Gfx\DirectX11\DirectX11Window.h">
      <Filter>Engine\Gfx\DirectX11</Filter>
    </ClInclude>
    <ClInclude Include="Core\Src\Node.h">
      <Filter>Engine\Core</Filter>
    </ClInclude>
    <ClInclude Include="Core\Src\BinaryTree.h">
      <Filter>Engine\Core</Filter>
    </ClInclude>
    <ClInclude Include="Core\Src\Array.h">
      <Filter>Engine\Core</Filter>
    </ClInclude>
    <ClInclude Include="Core\Src\Threading\ThreadPoolHandle.h">
      <Filter>Engine\Core\Threading</Filter>
    </ClInclude>
    <ClInclude Include="Core\Src\Cpu.h">
      <Filter>Engine\Core</Filter>
    </ClInclude>
    <ClInclude Include="Gfx\IGraphics.h">
      <Filter>Engine\Gfx</Filter>
    </ClInclude>
    <ClInclude Include="Core\Src\List.h">
      <Filter>Engine\Core</Filter>
    </ClInclude>
    <ClInclude Include="Core\Src\IBidirectionalElement.h">
      <Filter>Engine\Core</Filter>
    </ClInclude>
    <ClInclude Include="Core\Src\IBidirectionalStruct.h">
      <Filter>Engine\Core</Filter>
    </ClInclude>
    <ClInclude Include="Core\Src\mmemory.h">
      <Filter>Engine\Core</Filter>
    </ClInclude>
    <ClInclude Include="Input\DirectInput8\DirectInput8.h">
      <Filter>Engine\Input\DirectInput8</Filter>
    </ClInclude>
    <ClInclude Include="Src\testclass.h">
      <Filter>Source Files</Filter>
    </ClInclude>
    <ClInclude Include="Core\Engine\Engine.h">
      <Filter>Engine\Core\Engine</Filter>
    </ClInclude>
    <ClInclude Include="Input\Input.h">
      <Filter>Engine\Input</Filter>
    </ClInclude>
    <ClInclude Include="Core\Src\Components\Actor.h">
      <Filter>Engine\Core\Components</Filter>
    </ClInclude>
    <ClInclude Include="Core\Src\Exception.h">
      <Filter>Engine\Core</Filter>
    </ClInclude>
    <ClInclude Include="Core\Engine\ResourceManager.h">
      <Filter>Engine\Core\Engine</Filter>
    </ClInclude>
    <ClInclude Include="Core\Engine\Resources\IResource.h">
      <Filter>Engine\Core\Engine\Resources</Filter>
    </ClInclude>
    <ClInclude Include="Core\Engine\Resources\ShaderResource.h">
      <Filter>Engine\Core\Engine\Resources</Filter>
    </ClInclude>
    <ClInclude Include="Gfx\DirectX11\Shader\Shader.h">
      <Filter>Engine\Gfx\DirectX11\Shader</Filter>
    </ClInclude>
    <ClInclude Include="Gfx\DirectX11\Shader\TextureShader.h">
      <Filter>Engine\Gfx\DirectX11\Shader</Filter>
    </ClInclude>
    <ClInclude Include="Gfx\DirectX11\DirectXHelpers.h">
      <Filter>Engine\Gfx\DirectX11</Filter>
    </ClInclude>
    <ClInclude Include="Gfx\DirectX11\pch.h">
      <Filter>Engine\Gfx\DirectX11</Filter>
    </ClInclude>
    <ClInclude Include="Gfx\DirectX11\WICTextureLoader.h">
      <Filter>Engine\Gfx\DirectX11</Filter>
    </ClInclude>
    <ClInclude Include="Gfx\DirectX11\PlatformHelper.h">
      <Filter>Engine\Gfx\DirectX11</Filter>
    </ClInclude>
    <ClInclude Include="Gfx\DirectX11\Texture.h">
      <Filter>Engine\Gfx\DirectX11</Filter>
    </ClInclude>
    <ClInclude Include="Core\Engine\Resources\ResourceHandle.h">
      <Filter>Engine\Core\Engine\Resources</Filter>
    </ClInclude>
    <ClInclude Include="Gfx\DirectX11\VertexBuffer.h">
      <Filter>Engine\Gfx\DirectX11</Filter>
    </ClInclude>
    <ClInclude Include="Gfx\DirectX11\Vertex.h">
      <Filter>Engine\Gfx\DirectX11</Filter>
    </ClInclude>
    <ClInclude Include="Gfx\DirectX11\Sprite.h">
      <Filter>Engine\Gfx\DirectX11</Filter>
    </ClInclude>
    <ClInclude Include="Core\Engine\Resources\TextureResource.h">
      <Filter>Engine\Core\Engine\Resources</Filter>
    </ClInclude>
  </ItemGroup>
  <ItemGroup>
    <CopyFileToFolders Include="C:\SDKS\LUA\lua53.dll" />
    <CopyFileToFolders Include="C:\SDKS\glew-2.1.0\bin\Release\x64\glew32.dll" />
    <CopyFileToFolders Include="Core\Lua\Luas\test.lua">
      <Filter>Engine\Core\Lua\Scripts</Filter>
    </CopyFileToFolders>
    <CopyFileToFolders Include="Gfx\DirectX11\HLSL\texture.fx" />
  </ItemGroup>
</Project>